{
  "lockfileVersion": 1,
  "workspaces": {
    "": {
      "name": "htmx-jsx-template",
      "dependencies": {
        "@kitajs/html": "^4.2.9",
        "@types/bun": "^1.2.13",
        "nano-server": "^0.5.4",
        "typescript": "^5.8.3",
        "typescript-bundle": "^1.0.18",
      },
    },
  },
  "packages": {
    "@kitajs/html": ["@kitajs/html@4.2.9", "", { "dependencies": { "csstype": "^3.1.3" } }, "sha512-FDHHf5Mi5nR0D+Btq86IV1O9XfsePVCiC5rwU4PXjw2aHja16FmIiwLZBO0CS16rJxKkibjMldyRLAW2ni2mzA=="],

    "@types/bun": ["@types/bun@1.2.13", "", { "dependencies": { "bun-types": "1.2.13" } }, "sha512-u6vXep/i9VBxoJl3GjZsl/BFIsvML8DfVDO0RYLEwtSZSp981kEO1V5NwRcO1CPJ7AmvpbnDCiMKo3JvbDEjAg=="],

    "@types/node": ["@types/node@22.15.18", "", { "dependencies": { "undici-types": "~6.21.0" } }, "sha512-v1DKRfUdyW+jJhZNEI1PYy29S2YRxMV5AOO/x/SjKmW0acCIOqmbj6Haf9eHAhsPmrhlHSxEhv/1WszcLWV4cg=="],

    "bun-types": ["bun-types@1.2.13", "", { "dependencies": { "@types/node": "*" } }, "sha512-rRjA1T6n7wto4gxhAO/ErZEtOXyEZEmnIHQfl0Dt1QQSB4QV0iP6BZ9/YB5fZaHFQ2dwHFrmPaRQ9GGMX01k9Q=="],

    "csstype": ["csstype@3.1.3", "", {}, "sha512-M1uQkMl8rQK/szD0LNhtqxIPLpimGm8sOBwU7lLnCpSbTyY3yeU1Vc7l4KT5zT4s/yOxHH5O7tIuuLOCnLADRw=="],

    "nano-server": ["nano-server@0.5.4", "", { "bin": "nano-server" }, "sha512-pCbN5Wze1Xkz8NktWk+6jmt6UlfCxO1JLIxkdzE8dW8XpbfneXS5EctrXxvXS6aDkY+UbvwO0+cnCMyM0HCIIQ=="],

    "typescript": ["typescript@5.8.3", "", { "bin": { "tsc": "bin/tsc", "tsserver": "bin/tsserver" } }, "sha512-p1diW6TqL9L07nNxvRMM7hMMw4c5XOo/1ibL4aAIGmSAt9slTE1Xgw5KWuof2uTOvCg9BY7ZRi+GaF+7sfgPeQ=="],

    "typescript-bundle": ["typescript-bundle@1.0.18", "", { "bin": { "tsc-bundle": "tsc-bundle" } }, "sha512-ZtzMZPzW3bnL4c+jBjgSHxlnW9TdWQjFS5RLk4k0YJb85zv78rdslf13mKXUgHZjTeEyO8R59IQ4WqSdlEXhAw=="],

    "undici-types": ["undici-types@6.21.0", "", {}, "sha512-iwDZqg0QAGrg9Rav5H4n0M64c3mkR59cJ6wQp+7C4nI0gsmExaedaYLNO44eT4AtBBwjbTiGPMlt2Md0T9H9JQ=="],
  }
}
